// !$*UTF8*$!
{
	archiveVersion = 1;
	classes = {
	};
	objectVersion = 50;
	objects = {

/* Begin PBXBuildFile section */
		F5932007247D810A00BC4C2E /* AppDelegate.swift in Sources */ = {isa = PBXBuildFile; fileRef = F5932006247D810A00BC4C2E /* AppDelegate.swift */; };
		F5932009247D810A00BC4C2E /* SceneDelegate.swift in Sources */ = {isa = PBXBuildFile; fileRef = F5932008247D810A00BC4C2E /* SceneDelegate.swift */; };
		F593200B247D810A00BC4C2E /* ViewController.swift in Sources */ = {isa = PBXBuildFile; fileRef = F593200A247D810A00BC4C2E /* ViewController.swift */; };
		F593200E247D810A00BC4C2E /* Main.storyboard in Resources */ = {isa = PBXBuildFile; fileRef = F593200C247D810A00BC4C2E /* Main.storyboard */; };
		F5932010247D811200BC4C2E /* Assets.xcassets in Resources */ = {isa = PBXBuildFile; fileRef = F593200F247D811200BC4C2E /* Assets.xcassets */; };
		F5932013247D811200BC4C2E /* LaunchScreen.storyboard in Resources */ = {isa = PBXBuildFile; fileRef = F5932011247D811200BC4C2E /* LaunchScreen.storyboard */; };
		F593201C247D82D300BC4C2E /* CustomCollectionViewCell.swift in Sources */ = {isa = PBXBuildFile; fileRef = F593201A247D82D300BC4C2E /* CustomCollectionViewCell.swift */; };
		F593201D247D82D300BC4C2E /* CustomCollectionViewCell.xib in Resources */ = {isa = PBXBuildFile; fileRef = F593201B247D82D300BC4C2E /* CustomCollectionViewCell.xib */; };
		F5932022247D95BF00BC4C2E /* Hero.swift in Sources */ = {isa = PBXBuildFile; fileRef = F5932021247D95BF00BC4C2E /* Hero.swift */; };
		F5B9B3A7247DAEDF0020509A /* DetailViewController.swift in Sources */ = {isa = PBXBuildFile; fileRef = F5B9B3A6247DAEDF0020509A /* DetailViewController.swift */; };
/* End PBXBuildFile section */

/* Begin PBXFileReference section */
		F5932003247D810A00BC4C2E /* CollectionView_JSONData.app */ = {isa = PBXFileReference; explicitFileType = wrapper.application; includeInIndex = 0; path = CollectionView_JSONData.app; sourceTree = BUILT_PRODUCTS_DIR; };
		F5932006247D810A00BC4C2E /* AppDelegate.swift */ = {isa = PBXFileReference; lastKnownFileType = sourcecode.swift; path = AppDelegate.swift; sourceTree = "<group>"; };
		F5932008247D810A00BC4C2E /* SceneDelegate.swift */ = {isa = PBXFileReference; lastKnownFileType = sourcecode.swift; path = SceneDelegate.swift; sourceTree = "<group>"; };
		F593200A247D810A00BC4C2E /* ViewController.swift */ = {isa = PBXFileReference; lastKnownFileType = sourcecode.swift; path = ViewController.swift; sourceTree = "<group>"; };
		F593200D247D810A00BC4C2E /* Base */ = {isa = PBXFileReference; lastKnownFileType = file.storyboard; name = Base; path = Base.lproj/Main.storyboard; sourceTree = "<group>"; };
		F593200F247D811200BC4C2E /* Assets.xcassets */ = {isa = PBXFileReference; lastKnownFileType = folder.assetcatalog; path = Assets.xcassets; sourceTree = "<group>"; };
		F5932012247D811200BC4C2E /* Base */ = {isa = PBXFileReference; lastKnownFileType = file.storyboard; name = Base; path = Base.lproj/LaunchScreen.storyboard; sourceTree = "<group>"; };
		F5932014247D811200BC4C2E /* Info.plist */ = {isa = PBXFileReference; lastKnownFileType = text.plist.xml; path = Info.plist; sourceTree = "<group>"; };
		F593201A247D82D300BC4C2E /* CustomCollectionViewCell.swift */ = {isa = PBXFileReference; lastKnownFileType = sourcecode.swift; path = CustomCollectionViewCell.swift; sourceTree = "<group>"; };
		F593201B247D82D300BC4C2E /* CustomCollectionViewCell.xib */ = {isa = PBXFileReference; lastKnownFileType = file.xib; path = CustomCollectionViewCell.xib; sourceTree = "<group>"; };
		F5932021247D95BF00BC4C2E /* Hero.swift */ = {isa = PBXFileReference; lastKnownFileType = sourcecode.swift; path = Hero.swift; sourceTree = "<group>"; };
		F5B9B3A6247DAEDF0020509A /* DetailViewController.swift */ = {isa = PBXFileReference; lastKnownFileType = sourcecode.swift; path = DetailViewController.swift; sourceTree = "<group>"; };
/* End PBXFileReference section */

/* Begin PBXFrameworksBuildPhase section */
		F5932000247D810A00BC4C2E /* Frameworks */ = {
			isa = PBXFrameworksBuildPhase;
			buildActionMask = 2147483647;
			files = (
			);
			runOnlyForDeploymentPostprocessing = 0;
		};
/* End PBXFrameworksBuildPhase section */

/* Begin PBXGroup section */
		F5931FFA247D810A00BC4C2E = {
			isa = PBXGroup;
			children = (
				F5932005247D810A00BC4C2E /* CollectionView_JSONData */,
				F5932004247D810A00BC4C2E /* Products */,
			);
			sourceTree = "<group>";
		};
		F5932004247D810A00BC4C2E /* Products */ = {
			isa = PBXGroup;
			children = (
				F5932003247D810A00BC4C2E /* CollectionView_JSONData.app */,
			);
			name = Products;
			sourceTree = "<group>";
		};
		F5932005247D810A00BC4C2E /* CollectionView_JSONData */ = {
			isa = PBXGroup;
			children = (
				F5932006247D810A00BC4C2E /* AppDelegate.swift */,
				F5932008247D810A00BC4C2E /* SceneDelegate.swift */,
				F593200A247D810A00BC4C2E /* ViewController.swift */,
				F5932021247D95BF00BC4C2E /* Hero.swift */,
				F593200C247D810A00BC4C2E /* Main.storyboard */,
				F5B9B3A6247DAEDF0020509A /* DetailViewController.swift */,
				F593201E247D82DF00BC4C2E /* CustomCollectionViewCell */,
				F593200F247D811200BC4C2E /* Assets.xcassets */,
				F5932011247D811200BC4C2E /* LaunchScreen.storyboard */,
				F5932014247D811200BC4C2E /* Info.plist */,
			);
			path = CollectionView_JSONData;
			sourceTree = "<group>";
		};
		F593201E247D82DF00BC4C2E /* CustomCollectionViewCell */ = {
			isa = PBXGroup;
			children = (
				F593201A247D82D300BC4C2E /* CustomCollectionViewCell.swift */,
				F593201B247D82D300BC4C2E /* CustomCollectionViewCell.xib */,
			);
			path = CustomCollectionViewCell;
			sourceTree = "<group>";
		};
/* End PBXGroup section */

/* Begin PBXNativeTarget section */
		F5932002247D810A00BC4C2E /* CollectionView_JSONData */ = {
			isa = PBXNativeTarget;
			buildConfigurationList = F5932017247D811200BC4C2E /* Build configuration list for PBXNativeTarget "CollectionView_JSONData" */;
			buildPhases = (
				F5931FFF247D810A00BC4C2E /* Sources */,
				F5932000247D810A00BC4C2E /* Frameworks */,
				F5932001247D810A00BC4C2E /* Resources */,
			);
			buildRules = (
			);
			dependencies = (
			);
			name = CollectionView_JSONData;
			productName = CollectionView_JSONData;
			productReference = F5932003247D810A00BC4C2E /* CollectionView_JSONData.app */;
			productType = "com.apple.product-type.application";
		};
/* End PBXNativeTarget section */

/* Begin PBXProject section */
		F5931FFB247D810A00BC4C2E /* Project object */ = {
			isa = PBXProject;
			attributes = {
				LastSwiftUpdateCheck = 1150;
				LastUpgradeCheck = 1150;
				ORGANIZATIONNAME = "Bruna Fernanda Drago";
				TargetAttributes = {
					F5932002247D810A00BC4C2E = {
						CreatedOnToolsVersion = 11.5;
					};
				};
			};
			buildConfigurationList = F5931FFE247D810A00BC4C2E /* Build configuration list for PBXProject "CollectionView_JSONData" */;
			compatibilityVersion = "Xcode 9.3";
			developmentRegion = en;
			hasScannedForEncodings = 0;
			knownRegions = (
				en,
				Base,
			);
			mainGroup = F5931FFA247D810A00BC4C2E;
			productRefGroup = F5932004247D810A00BC4C2E /* Products */;
			projectDirPath = "";
			projectRoot = "";
			targets = (
				F5932002247D810A00BC4C2E /* CollectionView_JSONData */,
			);
		};
/* End PBXProject section */

/* Begin PBXResourcesBuildPhase section */
		F5932001247D810A00BC4C2E /* Resources */ = {
			isa = PBXResourcesBuildPhase;
			buildActionMask = 2147483647;
			files = (
				F5932013247D811200BC4C2E /* LaunchScreen.storyboard in Resources */,
				F5932010247D811200BC4C2E /* Assets.xcassets in Resources */,
				F593200E247D810A00BC4C2E /* Main.storyboard in Resources */,
				F593201D247D82D300BC4C2E /* CustomCollectionViewCell.xib in Resources */,
			);
			runOnlyForDeploymentPostprocessing = 0;
		};
/* End PBXResourcesBuildPhase section */

/* Begin PBXSourcesBuildPhase section */
		F5931FFF247D810A00BC4C2E /* Sources */ = {
			isa = PBXSourcesBuildPhase;
			buildActionMask = 2147483647;
			files = (
				F5932022247D95BF00BC4C2E /* Hero.swift in Sources */,
				F593200B247D810A00BC4C2E /* ViewController.swift in Sources */,
				F5932007247D810A00BC4C2E /* AppDelegate.swift in Sources */,
				F5B9B3A7247DAEDF0020509A /* DetailViewController.swift in Sources */,
				F5932009247D810A00BC4C2E /* SceneDelegate.swift in Sources */,
				F593201C247D82D300BC4C2E /* CustomCollectionViewCell.swift in Sources */,
			);
			runOnlyForDeploymentPostprocessing = 0;
		};
/* End PBXSourcesBuildPhase section */

/* Begin PBXVariantGroup section */
		F593200C247D810A00BC4C2E /* Main.storyboard */ = {
			isa = PBXVariantGroup;
			children = (
				F593200D247D810A00BC4C2E /* Base */,
			);
			name = Main.storyboard;
			sourceTree = "<group>";
		};
		F5932011247D811200BC4C2E /* LaunchScreen.storyboard */ = {
			isa = PBXVariantGroup;
			children = (
				F5932012247D811200BC4C2E /* Base */,
			);
			name = LaunchScreen.storyboard;
			sourceTree = "<group>";
		};
/* End PBXVariantGroup section */

/* Begin XCBuildConfiguration section */
		F5932015247D811200BC4C2E /* Debug */ = {
			isa = XCBuildConfiguration;
			buildSettings = {
				ALWAYS_SEARCH_USER_PATHS = NO;
				CLANG_ANALYZER_NONNULL = YES;
				CLANG_ANALYZER_NUMBER_OBJECT_CONVERSION = YES_AGGRESSIVE;
				CLANG_CXX_LANGUAGE_STANDARD = "gnu++14";
				CLANG_CXX_LIBRARY = "libc++";
				CLANG_ENABLE_MODULES = YES;
				CLANG_ENABLE_OBJC_ARC = YES;
				CLANG_ENABLE_OBJC_WEAK = YES;
				CLANG_WARN_BLOCK_CAPTURE_AUTORELEASING = YES;
				CLANG_WARN_BOOL_CONVERSION = YES;
				CLANG_WARN_COMMA = YES;
				CLANG_WARN_CONSTANT_CONVERSION = YES;
				CLANG_WARN_DEPRECATED_OBJC_IMPLEMENTATIONS = YES;
				CLANG_WARN_DIRECT_OBJC_ISA_USAGE = YES_ERROR;
				CLANG_WARN_DOCUMENTATION_COMMENTS = YES;
				CLANG_WARN_EMPTY_BODY = YES;
				CLANG_WARN_ENUM_CONVERSION = YES;
				CLANG_WARN_INFINITE_RECURSION = YES;
				CLANG_WARN_INT_CONVERSION = YES;
				CLANG_WARN_NON_LITERAL_NULL_CONVERSION = YES;
				CLANG_WARN_OBJC_IMPLICIT_RETAIN_SELF = YES;
				CLANG_WARN_OBJC_LITERAL_CONVERSION = YES;
				CLANG_WARN_OBJC_ROOT_CLASS = YES_ERROR;
				CLANG_WARN_RANGE_LOOP_ANALYSIS = YES;
				CLANG_WARN_STRICT_PROTOTYPES = YES;
				CLANG_WARN_SUSPICIOUS_MOVE = YES;
				CLANG_WARN_UNGUARDED_AVAILABILITY = YES_AGGRESSIVE;
				CLANG_WARN_UNREACHABLE_CODE = YES;
				CLANG_WARN__DUPLICATE_METHOD_MATCH = YES;
				COPY_PHASE_STRIP = NO;
				DEBUG_INFORMATION_FORMAT = dwarf;
				ENABLE_STRICT_OBJC_MSGSEND = YES;
				ENABLE_TESTABILITY = YES;
				GCC_C_LANGUAGE_STANDARD = gnu11;
				GCC_DYNAMIC_NO_PIC = NO;
				GCC_NO_COMMON_BLOCKS = YES;
				GCC_OPTIMIZATION_LEVEL = 0;
				GCC_PREPROCESSOR_DEFINITIONS = (
					"DEBUG=1",
					"$(inherited)",
				);
				GCC_WARN_64_TO_32_BIT_CONVERSION = YES;
				GCC_WARN_ABOUT_RETURN_TYPE = YES_ERROR;
				GCC_WARN_UNDECLARED_SELECTOR = YES;
				GCC_WARN_UNINITIALIZED_AUTOS = YES_AGGRESSIVE;
				GCC_WARN_UNUSED_FUNCTION = YES;
				GCC_WARN_UNUSED_VARIABLE = YES;
				IPHONEOS_DEPLOYMENT_TARGET = 13.5;
				MTL_ENABLE_DEBUG_INFO = INCLUDE_SOURCE;
				MTL_FAST_MATH = YES;
				ONLY_ACTIVE_ARCH = YES;
				SDKROOT = iphoneos;
				SWIFT_ACTIVE_COMPILATION_CONDITIONS = DEBUG;
				SWIFT_OPTIMIZATION_LEVEL = "-Onone";
			};
			name = Debug;
		};
		F5932016247D811200BC4C2E /* Release */ = {
			isa = XCBuildConfiguration;
			buildSettings = {
				ALWAYS_SEARCH_USER_PATHS = NO;
				CLANG_ANALYZER_NONNULL = YES;
				CLANG_ANALYZER_NUMBER_OBJECT_CONVERSION = YES_AGGRESSIVE;
				CLANG_CXX_LANGUAGE_STANDARD = "gnu++14";
				CLANG_CXX_LIBRARY = "libc++";
				CLANG_ENABLE_MODULES = YES;
				CLANG_ENABLE_OBJC_ARC = YES;
				CLANG_ENABLE_OBJC_WEAK = YES;
				CLANG_WARN_BLOCK_CAPTURE_AUTORELEASING = YES;
				CLANG_WARN_BOOL_CONVERSION = YES;
				CLANG_WARN_COMMA = YES;
				CLANG_WARN_CONSTANT_CONVERSION = YES;
				CLANG_WARN_DEPRECATED_OBJC_IMPLEMENTATIONS = YES;
				CLANG_WARN_DIRECT_OBJC_ISA_USAGE = YES_ERROR;
				CLANG_WARN_DOCUMENTATION_COMMENTS = YES;
				CLANG_WARN_EMPTY_BODY = YES;
				CLANG_WARN_ENUM_CONVERSION = YES;
				CLANG_WARN_INFINITE_RECURSION = YES;
				CLANG_WARN_INT_CONVERSION = YES;
				CLANG_WARN_NON_LITERAL_NULL_CONVERSION = YES;
				CLANG_WARN_OBJC_IMPLICIT_RETAIN_SELF = YES;
				CLANG_WARN_OBJC_LITERAL_CONVERSION = YES;
				CLANG_WARN_OBJC_ROOT_CLASS = YES_ERROR;
				CLANG_WARN_RANGE_LOOP_ANALYSIS = YES;
				CLANG_WARN_STRICT_PROTOTYPES = YES;
				CLANG_WARN_SUSPICIOUS_MOVE = YES;
				CLANG_WARN_UNGUARDED_AVAILABILITY = YES_AGGRESSIVE;
				CLANG_WARN_UNREACHABLE_CODE = YES;
				CLANG_WARN__DUPLICATE_METHOD_MATCH = YES;
				COPY_PHASE_STRIP = NO;
				DEBUG_INFORMATION_FORMAT = "dwarf-with-dsym";
				ENABLE_NS_ASSERTIONS = NO;
				ENABLE_STRICT_OBJC_MSGSEND = YES;
				GCC_C_LANGUAGE_STANDARD = gnu11;
				GCC_NO_COMMON_BLOCKS = YES;
				GCC_WARN_64_TO_32_BIT_CONVERSION = YES;
				GCC_WARN_ABOUT_RETURN_TYPE = YES_ERROR;
				GCC_WARN_UNDECLARED_SELECTOR = YES;
				GCC_WARN_UNINITIALIZED_AUTOS = YES_AGGRESSIVE;
				GCC_WARN_UNUSED_FUNCTION = YES;
				GCC_WARN_UNUSED_VARIABLE = YES;
				IPHONEOS_DEPLOYMENT_TARGET = 13.5;
				MTL_ENABLE_DEBUG_INFO = NO;
				MTL_FAST_MATH = YES;
				SDKROOT = iphoneos;
				SWIFT_COMPILATION_MODE = wholemodule;
				SWIFT_OPTIMIZATION_LEVEL = "-O";
				VALIDATE_PRODUCT = YES;
			};
			name = Release;
		};
		F5932018247D811200BC4C2E /* Debug */ = {
			isa = XCBuildConfiguration;
			buildSettings = {
				ASSETCATALOG_COMPILER_APPICON_NAME = AppIcon;
				CODE_SIGN_STYLE = Automatic;
				DEVELOPMENT_TEAM = 5882QKM9XK;
				INFOPLIST_FILE = CollectionView_JSONData/Info.plist;
				LD_RUNPATH_SEARCH_PATHS = (
					"$(inherited)",
					"@executable_path/Frameworks",
				);
				PRODUCT_BUNDLE_IDENTIFIER = "com.drago.CollectionView-JSONData";
				PRODUCT_NAME = "$(TARGET_NAME)";
				SWIFT_VERSION = 5.0;
				TARGETED_DEVICE_FAMILY = "1,2";
			};
			name = Debug;
		};
		F5932019247D811200BC4C2E /* Release */ = {
			isa = XCBuildConfiguration;
			buildSettings = {
				ASSETCATALOG_COMPILER_APPICON_NAME = AppIcon;
				CODE_SIGN_STYLE = Automatic;
				DEVELOPMENT_TEAM = 5882QKM9XK;
				INFOPLIST_FILE = CollectionView_JSONData/Info.plist;
				LD_RUNPATH_SEARCH_PATHS = (
					"$(inherited)",
					"@executable_path/Frameworks",
				);
				PRODUCT_BUNDLE_IDENTIFIER = "com.drago.CollectionView-JSONData";
				PRODUCT_NAME = "$(TARGET_NAME)";
				SWIFT_VERSION = 5.0;
				TARGETED_DEVICE_FAMILY = "1,2";
			};
			name = Release;
		};
/* End XCBuildConfiguration section */

/* Begin XCConfigurationList section */
		F5931FFE247D810A00BC4C2E /* Build configuration list for PBXProject "CollectionView_JSONData" */ = {
			isa = XCConfigurationList;
			buildConfigurations = (
				F5932015247D811200BC4C2E /* Debug */,
				F5932016247D811200BC4C2E /* Release */,
			);
			defaultConfigurationIsVisible = 0;
			defaultConfigurationName = Release;
		};
		F5932017247D811200BC4C2E /* Build configuration list for PBXNativeTarget "CollectionView_JSONData" */ = {
			isa = XCConfigurationList;
			buildConfigurations = (
				F5932018247D811200BC4C2E /* Debug */,
				F5932019247D811200BC4C2E /* Release */,
			);
			defaultConfigurationIsVisible = 0;
			defaultConfigurationName = Release;
		};
/* End XCConfigurationList section */
	};
	rootObject = F5931FFB247D810A00BC4C2E /* Project object */;
}
